
Microsoft Visual Studio Solution File, Format Version 12.00
# Visual Studio Version 16
VisualStudioVersion = 16.0.31105.61
MinimumVisualStudioVersion = 10.0.40219.1
Project("{FAE04EC0-301F-11D3-BF4B-00C04F79EFBC}") = "TF.ListeFromBusinessProcess", "TF.ListeFromBusinessProcess\TF.ListeFromBusinessProcess.csproj", "{0B217121-C637-4BA1-B7E8-773448A7AA51}"
EndProject
Project("{FAE04EC0-301F-11D3-BF4B-00C04F79EFBC}") = "TF.Tests", "TF.Tests\TF.Tests.csproj", "{F3AA0387-C470-49E2-B3ED-BD36814AF580}"
EndProject
Global
	GlobalSection(SolutionConfigurationPlatforms) = preSolution
		Debug|Any CPU = Debug|Any CPU
		Release|Any CPU = Release|Any CPU
	EndGlobalSection
	GlobalSection(ProjectConfigurationPlatforms) = postSolution
		{0B217121-C637-4BA1-B7E8-773448A7AA51}.Debug|Any CPU.ActiveCfg = Debug|Any CPU
		{0B217121-C637-4BA1-B7E8-773448A7AA51}.Debug|Any CPU.Build.0 = Debug|Any CPU
		{0B217121-C637-4BA1-B7E8-773448A7AA51}.Release|Any CPU.ActiveCfg = Release|Any CPU
		{0B217121-C637-4BA1-B7E8-773448A7AA51}.Release|Any CPU.Build.0 = Release|Any CPU
		{F3AA0387-C470-49E2-B3ED-BD36814AF580}.Debug|Any CPU.ActiveCfg = Debug|Any CPU
		{F3AA0387-C470-49E2-B3ED-BD36814AF580}.Debug|Any CPU.Build.0 = Debug|Any CPU
		{F3AA0387-C470-49E2-B3ED-BD36814AF580}.Release|Any CPU.ActiveCfg = Release|Any CPU
		{F3AA0387-C470-49E2-B3ED-BD36814AF580}.Release|Any CPU.Build.0 = Release|Any CPU
	EndGlobalSection
	GlobalSection(SolutionProperties) = preSolution
		HideSolutionNode = FALSE
	EndGlobalSection
	GlobalSection(ExtensibilityGlobals) = postSolution
		SolutionGuid = {5DAD150C-0966-4B5C-8D80-6103C7C00701}
	EndGlobalSection
EndGlobal
